
Microsoft Visual Studio Solution File, Format Version 12.00
# Visual Studio Version 17
VisualStudioVersion = 17.11.35222.181
MinimumVisualStudioVersion = 10.0.40219.1
Project("{FAE04EC0-301F-11D3-BF4B-00C04F79EFBC}") = "Filter001", "Filter001\Filter001.csproj", "{EA76CA6E-3E82-4F48-9F86-51D69DF7A086}"
EndProject
Global
	GlobalSection(SolutionConfigurationPlatforms) = preSolution
		Debug|Any CPU = Debug|Any CPU
		Release|Any CPU = Release|Any CPU
	EndGlobalSection
	GlobalSection(ProjectConfigurationPlatforms) = postSolution
		{EA76CA6E-3E82-4F48-9F86-51D69DF7A086}.Debug|Any CPU.ActiveCfg = Debug|Any CPU
		{EA76CA6E-3E82-4F48-9F86-51D69DF7A086}.Debug|Any CPU.Build.0 = Debug|Any CPU
		{EA76CA6E-3E82-4F48-9F86-51D69DF7A086}.Release|Any CPU.ActiveCfg = Release|Any CPU
		{EA76CA6E-3E82-4F48-9F86-51D69DF7A086}.Release|Any CPU.Build.0 = Release|Any CPU
	EndGlobalSection
	GlobalSection(SolutionProperties) = preSolution
		HideSolutionNode = FALSE
	EndGlobalSection
	GlobalSection(ExtensibilityGlobals) = postSolution
		SolutionGuid = {280E0B29-6861-4953-BAFA-6D53B5423C86}
	EndGlobalSection
EndGlobal
